// !$*UTF8*$!
{
	archiveVersion = 1;
	classes = {
	};
	objectVersion = 56;
	objects = {

/* Begin PBXBuildFile section */
		09642C3B2B649B260015220E /* EndPoint.swift in Sources */ = {isa = PBXBuildFile; fileRef = 09642C3A2B649B260015220E /* EndPoint.swift */; };
		09642C3D2B649B2D0015220E /* APIConstant.swift in Sources */ = {isa = PBXBuildFile; fileRef = 09642C3C2B649B2D0015220E /* APIConstant.swift */; };
		09642C402B649B820015220E /* CombineMoya in Frameworks */ = {isa = PBXBuildFile; productRef = 09642C3F2B649B820015220E /* CombineMoya */; };
		09642C422B649B820015220E /* Moya in Frameworks */ = {isa = PBXBuildFile; productRef = 09642C412B649B820015220E /* Moya */; };
		09642C442B649B820015220E /* ReactiveMoya in Frameworks */ = {isa = PBXBuildFile; productRef = 09642C432B649B820015220E /* ReactiveMoya */; };
		09642C462B649FD00015220E /* DTO.swift in Sources */ = {isa = PBXBuildFile; fileRef = 09642C452B649FD00015220E /* DTO.swift */; };
		09642C482B64A1680015220E /* BaseResponse.swift in Sources */ = {isa = PBXBuildFile; fileRef = 09642C472B64A1680015220E /* BaseResponse.swift */; };
		09642C4A2B64A37A0015220E /* AnniversaryService.swift in Sources */ = {isa = PBXBuildFile; fileRef = 09642C492B64A37A0015220E /* AnniversaryService.swift */; };
		09642C512B67C7640015220E /* CreationInterface.swift in Sources */ = {isa = PBXBuildFile; fileRef = 09642C502B67C7640015220E /* CreationInterface.swift */; };
		09642C532B67C76F0015220E /* CreationUseCase.swift in Sources */ = {isa = PBXBuildFile; fileRef = 09642C522B67C76F0015220E /* CreationUseCase.swift */; };
		09642C552B67C8440015220E /* CreationViewModel.swift in Sources */ = {isa = PBXBuildFile; fileRef = 09642C542B67C8440015220E /* CreationViewModel.swift */; };
		09642C582B67C8730015220E /* ViewModelType.swift in Sources */ = {isa = PBXBuildFile; fileRef = 09642C572B67C8730015220E /* ViewModelType.swift */; };
		09642C5B2B67CA230015220E /* CreationRepository.swift in Sources */ = {isa = PBXBuildFile; fileRef = 09642C5A2B67CA230015220E /* CreationRepository.swift */; };
		09642C5E2B67CA6F0015220E /* CreationModel.swift in Sources */ = {isa = PBXBuildFile; fileRef = 09642C5D2B67CA6F0015220E /* CreationModel.swift */; };
		09642C612B67D2DC0015220E /* ErrorResponse.swift in Sources */ = {isa = PBXBuildFile; fileRef = 09642C602B67D2DC0015220E /* ErrorResponse.swift */; };
		09642C642B67FD9E0015220E /* KoreanLunarSolarConverter in Frameworks */ = {isa = PBXBuildFile; productRef = 09642C632B67FD9E0015220E /* KoreanLunarSolarConverter */; };
		0965460E2B5B9CE900CDF4CC /* CreationUIView.swift in Sources */ = {isa = PBXBuildFile; fileRef = 0965460D2B5B9CE900CDF4CC /* CreationUIView.swift */; };
		09FD8FA92B5FE6B500EB83D8 /* CustomDatePicker.swift in Sources */ = {isa = PBXBuildFile; fileRef = 09FD8FA82B5FE6B500EB83D8 /* CustomDatePicker.swift */; };
		09FD8FAB2B5FF1CF00EB83D8 /* Text+Extension.swift in Sources */ = {isa = PBXBuildFile; fileRef = 09FD8FAA2B5FF1CF00EB83D8 /* Text+Extension.swift */; };
		AD147EFF2B57F85600561846 /* DontForgetApp.swift in Sources */ = {isa = PBXBuildFile; fileRef = AD147EFE2B57F85600561846 /* DontForgetApp.swift */; };
		AD147F012B57F85600561846 /* ContentView.swift in Sources */ = {isa = PBXBuildFile; fileRef = AD147F002B57F85600561846 /* ContentView.swift */; };
		AD147F032B57F85700561846 /* Assets.xcassets in Resources */ = {isa = PBXBuildFile; fileRef = AD147F022B57F85700561846 /* Assets.xcassets */; };
		AD147F062B57F85700561846 /* Preview Assets.xcassets in Resources */ = {isa = PBXBuildFile; fileRef = AD147F052B57F85700561846 /* Preview Assets.xcassets */; };
		AD147F0D2B57F89300561846 /* .swiftlint.yml in Resources */ = {isa = PBXBuildFile; fileRef = AD147F0C2B57F89300561846 /* .swiftlint.yml */; };
		AD147F1A2B57FDA500561846 /* Localizable.strings in Resources */ = {isa = PBXBuildFile; fileRef = AD147F1C2B57FDA500561846 /* Localizable.strings */; };
		AD147F212B57FF7500561846 /* String+Extension.swift in Sources */ = {isa = PBXBuildFile; fileRef = AD147F202B57FF7500561846 /* String+Extension.swift */; };
		AD147F292B57FFB500561846 /* WidgetKit.framework in Frameworks */ = {isa = PBXBuildFile; fileRef = AD147F282B57FFB500561846 /* WidgetKit.framework */; };
		AD147F2B2B57FFB500561846 /* SwiftUI.framework in Frameworks */ = {isa = PBXBuildFile; fileRef = AD147F2A2B57FFB500561846 /* SwiftUI.framework */; };
		AD147F2E2B57FFB500561846 /* DontForgetWidgetBundle.swift in Sources */ = {isa = PBXBuildFile; fileRef = AD147F2D2B57FFB500561846 /* DontForgetWidgetBundle.swift */; };
		AD147F302B57FFB500561846 /* DontForgetWidget.swift in Sources */ = {isa = PBXBuildFile; fileRef = AD147F2F2B57FFB500561846 /* DontForgetWidget.swift */; };
		AD147F322B57FFB500561846 /* AppIntent.swift in Sources */ = {isa = PBXBuildFile; fileRef = AD147F312B57FFB500561846 /* AppIntent.swift */; };
		AD147F342B57FFB600561846 /* Assets.xcassets in Resources */ = {isa = PBXBuildFile; fileRef = AD147F332B57FFB600561846 /* Assets.xcassets */; };
		AD147F382B57FFB600561846 /* DontForgetWidgetExtension.appex in Embed Foundation Extensions */ = {isa = PBXBuildFile; fileRef = AD147F262B57FFB500561846 /* DontForgetWidgetExtension.appex */; settings = {ATTRIBUTES = (RemoveHeadersOnCopy, ); }; };
		AD147F3F2B58006000561846 /* ComposableArchitecture in Frameworks */ = {isa = PBXBuildFile; productRef = AD147F3E2B58006000561846 /* ComposableArchitecture */; };
		AD1C725E2B6BE1250028FF5A /* HomeModel.swift in Sources */ = {isa = PBXBuildFile; fileRef = AD1C725D2B6BE1250028FF5A /* HomeModel.swift */; };
		AD3B45852B68B634009529DE /* AnniversaryDetailView.swift in Sources */ = {isa = PBXBuildFile; fileRef = AD3B45842B68B634009529DE /* AnniversaryDetailView.swift */; };
		AD3B45872B68C288009529DE /* AnniversaryContentView.swift in Sources */ = {isa = PBXBuildFile; fileRef = AD3B45862B68C287009529DE /* AnniversaryContentView.swift */; };
		AD3B458D2B68DE8F009529DE /* ConfirmView.swift in Sources */ = {isa = PBXBuildFile; fileRef = AD3B458C2B68DE8F009529DE /* ConfirmView.swift */; };
		AD76D0622B594A5000EFB12E /* UIScreen+Extension.swift in Sources */ = {isa = PBXBuildFile; fileRef = AD76D0612B594A5000EFB12E /* UIScreen+Extension.swift */; };
		AD76D0642B594D2F00EFB12E /* Color+Extension.swift in Sources */ = {isa = PBXBuildFile; fileRef = AD76D0632B594D2F00EFB12E /* Color+Extension.swift */; };
		AD9320E32B600589009A9437 /* GridView.swift in Sources */ = {isa = PBXBuildFile; fileRef = AD9320E22B600589009A9437 /* GridView.swift */; };
		ADA138432B58093E006F0219 /* HomeView.swift in Sources */ = {isa = PBXBuildFile; fileRef = ADA138422B58093E006F0219 /* HomeView.swift */; };
		ADA2CBFC2B6CC078001A38D9 /* HomeViewModel.swift in Sources */ = {isa = PBXBuildFile; fileRef = ADA2CBFB2B6CC078001A38D9 /* HomeViewModel.swift */; };
		ADA2CC042B6CCB8B001A38D9 /* ReadAnniversariesUseCase.swift in Sources */ = {isa = PBXBuildFile; fileRef = ADA2CC032B6CCB8B001A38D9 /* ReadAnniversariesUseCase.swift */; };
		ADA2CC082B6CCD76001A38D9 /* AnniversariesInterface.swift in Sources */ = {isa = PBXBuildFile; fileRef = ADA2CC072B6CCD76001A38D9 /* AnniversariesInterface.swift */; };
		ADA2CC0A2B6CCECC001A38D9 /* Anniversary.swift in Sources */ = {isa = PBXBuildFile; fileRef = ADA2CC092B6CCECC001A38D9 /* Anniversary.swift */; };
		ADA2CC0C2B6CD037001A38D9 /* Query.swift in Sources */ = {isa = PBXBuildFile; fileRef = ADA2CC0B2B6CD037001A38D9 /* Query.swift */; };
		ADA2CC0E2B6CE4CC001A38D9 /* AnniversariesRepository.swift in Sources */ = {isa = PBXBuildFile; fileRef = ADA2CC0D2B6CE4CC001A38D9 /* AnniversariesRepository.swift */; };
		ADAA246A2B63822E00363D04 /* SplashView.swift in Sources */ = {isa = PBXBuildFile; fileRef = ADAA24692B63822E00363D04 /* SplashView.swift */; };
		ADAA246E2B638BFF00363D04 /* Constants.swift in Sources */ = {isa = PBXBuildFile; fileRef = ADAA246D2B638BFF00363D04 /* Constants.swift */; };
		ADAFFDD32B70C7FB00746D3E /* AnniversaryDetailViewModel.swift in Sources */ = {isa = PBXBuildFile; fileRef = ADAFFDD22B70C7FB00746D3E /* AnniversaryDetailViewModel.swift */; };
		ADAFFDD52B70C8CC00746D3E /* FetchAnniversaryDetailUseCase.swift in Sources */ = {isa = PBXBuildFile; fileRef = ADAFFDD42B70C8CC00746D3E /* FetchAnniversaryDetailUseCase.swift */; };
		ADAFFDD72B70C98C00746D3E /* AnniversaryDetailRepository.swift in Sources */ = {isa = PBXBuildFile; fileRef = ADAFFDD62B70C98C00746D3E /* AnniversaryDetailRepository.swift */; };
		ADAFFDD92B70C9A700746D3E /* AnniversaryDetailInterface.swift in Sources */ = {isa = PBXBuildFile; fileRef = ADAFFDD82B70C9A700746D3E /* AnniversaryDetailInterface.swift */; };
		ADAFFDDD2B70D4A400746D3E /* DeleteAnniversaryUseCase.swift in Sources */ = {isa = PBXBuildFile; fileRef = ADAFFDDC2B70D4A400746D3E /* DeleteAnniversaryUseCase.swift */; };
		ADC7C1FF2B6A7B3300EBE58C /* FirebaseAnalytics in Frameworks */ = {isa = PBXBuildFile; productRef = ADC7C1FE2B6A7B3300EBE58C /* FirebaseAnalytics */; };
		ADC7C2012B6A7B3300EBE58C /* FirebaseMessaging in Frameworks */ = {isa = PBXBuildFile; productRef = ADC7C2002B6A7B3300EBE58C /* FirebaseMessaging */; };
		ADC7C2052B6A99F800EBE58C /* GoogleService-Info.plist in Resources */ = {isa = PBXBuildFile; fileRef = ADC7C2042B6A99F700EBE58C /* GoogleService-Info.plist */; };
/* End PBXBuildFile section */

/* Begin PBXContainerItemProxy section */
		AD147F362B57FFB600561846 /* PBXContainerItemProxy */ = {
			isa = PBXContainerItemProxy;
			containerPortal = AD147EF32B57F85600561846 /* Project object */;
			proxyType = 1;
			remoteGlobalIDString = AD147F252B57FFB500561846;
			remoteInfo = DontForgetWidgetExtension;
		};
/* End PBXContainerItemProxy section */

/* Begin PBXCopyFilesBuildPhase section */
		AD147F3C2B57FFB600561846 /* Embed Foundation Extensions */ = {
			isa = PBXCopyFilesBuildPhase;
			buildActionMask = 2147483647;
			dstPath = "";
			dstSubfolderSpec = 13;
			files = (
				AD147F382B57FFB600561846 /* DontForgetWidgetExtension.appex in Embed Foundation Extensions */,
			);
			name = "Embed Foundation Extensions";
			runOnlyForDeploymentPostprocessing = 0;
		};
/* End PBXCopyFilesBuildPhase section */

/* Begin PBXFileReference section */
		09642C3A2B649B260015220E /* EndPoint.swift */ = {isa = PBXFileReference; lastKnownFileType = sourcecode.swift; path = EndPoint.swift; sourceTree = "<group>"; };
		09642C3C2B649B2D0015220E /* APIConstant.swift */ = {isa = PBXFileReference; lastKnownFileType = sourcecode.swift; path = APIConstant.swift; sourceTree = "<group>"; };
		09642C452B649FD00015220E /* DTO.swift */ = {isa = PBXFileReference; lastKnownFileType = sourcecode.swift; path = DTO.swift; sourceTree = "<group>"; };
		09642C472B64A1680015220E /* BaseResponse.swift */ = {isa = PBXFileReference; lastKnownFileType = sourcecode.swift; path = BaseResponse.swift; sourceTree = "<group>"; };
		09642C492B64A37A0015220E /* AnniversaryService.swift */ = {isa = PBXFileReference; lastKnownFileType = sourcecode.swift; path = AnniversaryService.swift; sourceTree = "<group>"; };
		09642C502B67C7640015220E /* CreationInterface.swift */ = {isa = PBXFileReference; lastKnownFileType = sourcecode.swift; path = CreationInterface.swift; sourceTree = "<group>"; };
		09642C522B67C76F0015220E /* CreationUseCase.swift */ = {isa = PBXFileReference; lastKnownFileType = sourcecode.swift; path = CreationUseCase.swift; sourceTree = "<group>"; };
		09642C542B67C8440015220E /* CreationViewModel.swift */ = {isa = PBXFileReference; lastKnownFileType = sourcecode.swift; path = CreationViewModel.swift; sourceTree = "<group>"; };
		09642C572B67C8730015220E /* ViewModelType.swift */ = {isa = PBXFileReference; lastKnownFileType = sourcecode.swift; path = ViewModelType.swift; sourceTree = "<group>"; };
		09642C5A2B67CA230015220E /* CreationRepository.swift */ = {isa = PBXFileReference; lastKnownFileType = sourcecode.swift; path = CreationRepository.swift; sourceTree = "<group>"; };
		09642C5D2B67CA6F0015220E /* CreationModel.swift */ = {isa = PBXFileReference; lastKnownFileType = sourcecode.swift; path = CreationModel.swift; sourceTree = "<group>"; };
		09642C602B67D2DC0015220E /* ErrorResponse.swift */ = {isa = PBXFileReference; lastKnownFileType = sourcecode.swift; path = ErrorResponse.swift; sourceTree = "<group>"; };
		0965460D2B5B9CE900CDF4CC /* CreationUIView.swift */ = {isa = PBXFileReference; lastKnownFileType = sourcecode.swift; path = CreationUIView.swift; sourceTree = "<group>"; };
		09FD8FA82B5FE6B500EB83D8 /* CustomDatePicker.swift */ = {isa = PBXFileReference; lastKnownFileType = sourcecode.swift; path = CustomDatePicker.swift; sourceTree = "<group>"; };
		09FD8FAA2B5FF1CF00EB83D8 /* Text+Extension.swift */ = {isa = PBXFileReference; lastKnownFileType = sourcecode.swift; path = "Text+Extension.swift"; sourceTree = "<group>"; };
		AD147EFB2B57F85600561846 /* DontForget.app */ = {isa = PBXFileReference; explicitFileType = wrapper.application; includeInIndex = 0; path = DontForget.app; sourceTree = BUILT_PRODUCTS_DIR; };
		AD147EFE2B57F85600561846 /* DontForgetApp.swift */ = {isa = PBXFileReference; lastKnownFileType = sourcecode.swift; path = DontForgetApp.swift; sourceTree = "<group>"; };
		AD147F002B57F85600561846 /* ContentView.swift */ = {isa = PBXFileReference; lastKnownFileType = sourcecode.swift; path = ContentView.swift; sourceTree = "<group>"; };
		AD147F022B57F85700561846 /* Assets.xcassets */ = {isa = PBXFileReference; lastKnownFileType = folder.assetcatalog; path = Assets.xcassets; sourceTree = "<group>"; };
		AD147F052B57F85700561846 /* Preview Assets.xcassets */ = {isa = PBXFileReference; lastKnownFileType = folder.assetcatalog; path = "Preview Assets.xcassets"; sourceTree = "<group>"; };
		AD147F0C2B57F89300561846 /* .swiftlint.yml */ = {isa = PBXFileReference; lastKnownFileType = text.yaml; path = .swiftlint.yml; sourceTree = "<group>"; };
		AD147F1B2B57FDA500561846 /* ko */ = {isa = PBXFileReference; lastKnownFileType = text.plist.strings; name = ko; path = ko.lproj/Localizable.strings; sourceTree = "<group>"; };
		AD147F1F2B57FDD300561846 /* en */ = {isa = PBXFileReference; lastKnownFileType = text.plist.strings; name = en; path = en.lproj/Localizable.strings; sourceTree = "<group>"; };
		AD147F202B57FF7500561846 /* String+Extension.swift */ = {isa = PBXFileReference; lastKnownFileType = sourcecode.swift; path = "String+Extension.swift"; sourceTree = "<group>"; };
		AD147F262B57FFB500561846 /* DontForgetWidgetExtension.appex */ = {isa = PBXFileReference; explicitFileType = "wrapper.app-extension"; includeInIndex = 0; path = DontForgetWidgetExtension.appex; sourceTree = BUILT_PRODUCTS_DIR; };
		AD147F282B57FFB500561846 /* WidgetKit.framework */ = {isa = PBXFileReference; lastKnownFileType = wrapper.framework; name = WidgetKit.framework; path = System/Library/Frameworks/WidgetKit.framework; sourceTree = SDKROOT; };
		AD147F2A2B57FFB500561846 /* SwiftUI.framework */ = {isa = PBXFileReference; lastKnownFileType = wrapper.framework; name = SwiftUI.framework; path = System/Library/Frameworks/SwiftUI.framework; sourceTree = SDKROOT; };
		AD147F2D2B57FFB500561846 /* DontForgetWidgetBundle.swift */ = {isa = PBXFileReference; lastKnownFileType = sourcecode.swift; path = DontForgetWidgetBundle.swift; sourceTree = "<group>"; };
		AD147F2F2B57FFB500561846 /* DontForgetWidget.swift */ = {isa = PBXFileReference; lastKnownFileType = sourcecode.swift; path = DontForgetWidget.swift; sourceTree = "<group>"; };
		AD147F312B57FFB500561846 /* AppIntent.swift */ = {isa = PBXFileReference; lastKnownFileType = sourcecode.swift; path = AppIntent.swift; sourceTree = "<group>"; };
		AD147F332B57FFB600561846 /* Assets.xcassets */ = {isa = PBXFileReference; lastKnownFileType = folder.assetcatalog; path = Assets.xcassets; sourceTree = "<group>"; };
		AD147F352B57FFB600561846 /* Info.plist */ = {isa = PBXFileReference; lastKnownFileType = text.plist.xml; path = Info.plist; sourceTree = "<group>"; };
		AD1C725D2B6BE1250028FF5A /* HomeModel.swift */ = {isa = PBXFileReference; lastKnownFileType = sourcecode.swift; path = HomeModel.swift; sourceTree = "<group>"; };
		AD3B45842B68B634009529DE /* AnniversaryDetailView.swift */ = {isa = PBXFileReference; lastKnownFileType = sourcecode.swift; path = AnniversaryDetailView.swift; sourceTree = "<group>"; };
		AD3B45862B68C287009529DE /* AnniversaryContentView.swift */ = {isa = PBXFileReference; lastKnownFileType = sourcecode.swift; path = AnniversaryContentView.swift; sourceTree = "<group>"; };
		AD3B458C2B68DE8F009529DE /* ConfirmView.swift */ = {isa = PBXFileReference; lastKnownFileType = sourcecode.swift; path = ConfirmView.swift; sourceTree = "<group>"; };
		AD76D0612B594A5000EFB12E /* UIScreen+Extension.swift */ = {isa = PBXFileReference; lastKnownFileType = sourcecode.swift; path = "UIScreen+Extension.swift"; sourceTree = "<group>"; };
		AD76D0632B594D2F00EFB12E /* Color+Extension.swift */ = {isa = PBXFileReference; lastKnownFileType = sourcecode.swift; path = "Color+Extension.swift"; sourceTree = "<group>"; };
		AD9320E22B600589009A9437 /* GridView.swift */ = {isa = PBXFileReference; lastKnownFileType = sourcecode.swift; path = GridView.swift; sourceTree = "<group>"; };
		ADA138422B58093E006F0219 /* HomeView.swift */ = {isa = PBXFileReference; lastKnownFileType = sourcecode.swift; path = HomeView.swift; sourceTree = "<group>"; };
		ADA2CBFB2B6CC078001A38D9 /* HomeViewModel.swift */ = {isa = PBXFileReference; lastKnownFileType = sourcecode.swift; path = HomeViewModel.swift; sourceTree = "<group>"; };
		ADA2CC032B6CCB8B001A38D9 /* ReadAnniversariesUseCase.swift */ = {isa = PBXFileReference; lastKnownFileType = sourcecode.swift; path = ReadAnniversariesUseCase.swift; sourceTree = "<group>"; };
		ADA2CC072B6CCD76001A38D9 /* AnniversariesInterface.swift */ = {isa = PBXFileReference; lastKnownFileType = sourcecode.swift; path = AnniversariesInterface.swift; sourceTree = "<group>"; };
		ADA2CC092B6CCECC001A38D9 /* Anniversary.swift */ = {isa = PBXFileReference; lastKnownFileType = sourcecode.swift; path = Anniversary.swift; sourceTree = "<group>"; };
		ADA2CC0B2B6CD037001A38D9 /* Query.swift */ = {isa = PBXFileReference; lastKnownFileType = sourcecode.swift; path = Query.swift; sourceTree = "<group>"; };
		ADA2CC0D2B6CE4CC001A38D9 /* AnniversariesRepository.swift */ = {isa = PBXFileReference; lastKnownFileType = sourcecode.swift; path = AnniversariesRepository.swift; sourceTree = "<group>"; };
		ADAA24692B63822E00363D04 /* SplashView.swift */ = {isa = PBXFileReference; lastKnownFileType = sourcecode.swift; path = SplashView.swift; sourceTree = "<group>"; };
		ADAA246D2B638BFF00363D04 /* Constants.swift */ = {isa = PBXFileReference; lastKnownFileType = sourcecode.swift; path = Constants.swift; sourceTree = "<group>"; };
		ADAFFDD22B70C7FB00746D3E /* AnniversaryDetailViewModel.swift */ = {isa = PBXFileReference; lastKnownFileType = sourcecode.swift; path = AnniversaryDetailViewModel.swift; sourceTree = "<group>"; };
		ADAFFDD42B70C8CC00746D3E /* FetchAnniversaryDetailUseCase.swift */ = {isa = PBXFileReference; lastKnownFileType = sourcecode.swift; path = FetchAnniversaryDetailUseCase.swift; sourceTree = "<group>"; };
		ADAFFDD62B70C98C00746D3E /* AnniversaryDetailRepository.swift */ = {isa = PBXFileReference; lastKnownFileType = sourcecode.swift; path = AnniversaryDetailRepository.swift; sourceTree = "<group>"; };
		ADAFFDD82B70C9A700746D3E /* AnniversaryDetailInterface.swift */ = {isa = PBXFileReference; lastKnownFileType = sourcecode.swift; path = AnniversaryDetailInterface.swift; sourceTree = "<group>"; };
		ADAFFDDC2B70D4A400746D3E /* DeleteAnniversaryUseCase.swift */ = {isa = PBXFileReference; lastKnownFileType = sourcecode.swift; path = DeleteAnniversaryUseCase.swift; sourceTree = "<group>"; };
		ADC7C2022B6A7DF400EBE58C /* DontForget.entitlements */ = {isa = PBXFileReference; lastKnownFileType = text.plist.entitlements; path = DontForget.entitlements; sourceTree = "<group>"; };
		ADC7C2032B6A7DFA00EBE58C /* Info.plist */ = {isa = PBXFileReference; lastKnownFileType = text.plist; path = Info.plist; sourceTree = "<group>"; };
		ADC7C2042B6A99F700EBE58C /* GoogleService-Info.plist */ = {isa = PBXFileReference; fileEncoding = 4; lastKnownFileType = text.plist.xml; path = "GoogleService-Info.plist"; sourceTree = "<group>"; };
/* End PBXFileReference section */

/* Begin PBXFrameworksBuildPhase section */
		AD147EF82B57F85600561846 /* Frameworks */ = {
			isa = PBXFrameworksBuildPhase;
			buildActionMask = 2147483647;
			files = (
				ADC7C2012B6A7B3300EBE58C /* FirebaseMessaging in Frameworks */,
				09642C402B649B820015220E /* CombineMoya in Frameworks */,
				09642C442B649B820015220E /* ReactiveMoya in Frameworks */,
				AD147F3F2B58006000561846 /* ComposableArchitecture in Frameworks */,
				09642C642B67FD9E0015220E /* KoreanLunarSolarConverter in Frameworks */,
				ADC7C1FF2B6A7B3300EBE58C /* FirebaseAnalytics in Frameworks */,
				09642C422B649B820015220E /* Moya in Frameworks */,
			);
			runOnlyForDeploymentPostprocessing = 0;
		};
		AD147F232B57FFB500561846 /* Frameworks */ = {
			isa = PBXFrameworksBuildPhase;
			buildActionMask = 2147483647;
			files = (
				AD147F2B2B57FFB500561846 /* SwiftUI.framework in Frameworks */,
				AD147F292B57FFB500561846 /* WidgetKit.framework in Frameworks */,
			);
			runOnlyForDeploymentPostprocessing = 0;
		};
/* End PBXFrameworksBuildPhase section */

/* Begin PBXGroup section */
		09642C342B649A750015220E /* Data */ = {
			isa = PBXGroup;
			children = (
				09642C5F2B67D2D00015220E /* Error */,
				09642C392B649B1D0015220E /* Network */,
				09642C592B67CA160015220E /* Repository */,
				09642C362B649AC00015220E /* DTO */,
				09642C352B649A7C0015220E /* Service */,
			);
			path = Data;
			sourceTree = "<group>";
		};
		09642C352B649A7C0015220E /* Service */ = {
			isa = PBXGroup;
			children = (
				09642C492B64A37A0015220E /* AnniversaryService.swift */,
			);
			path = Service;
			sourceTree = "<group>";
		};
		09642C362B649AC00015220E /* DTO */ = {
			isa = PBXGroup;
			children = (
				09642C452B649FD00015220E /* DTO.swift */,
				09642C472B64A1680015220E /* BaseResponse.swift */,
			);
			path = DTO;
			sourceTree = "<group>";
		};
		09642C392B649B1D0015220E /* Network */ = {
			isa = PBXGroup;
			children = (
				09642C3A2B649B260015220E /* EndPoint.swift */,
				09642C3C2B649B2D0015220E /* APIConstant.swift */,
			);
			path = Network;
			sourceTree = "<group>";
		};
		09642C4D2B67C7350015220E /* Domain */ = {
			isa = PBXGroup;
			children = (
				09642C5C2B67CA650015220E /* Model */,
				09642C4E2B67C7480015220E /* Interface */,
				09642C4F2B67C74F0015220E /* UseCase */,
			);
			path = Domain;
			sourceTree = "<group>";
		};
		09642C4E2B67C7480015220E /* Interface */ = {
			isa = PBXGroup;
			children = (
				09642C502B67C7640015220E /* CreationInterface.swift */,
				ADA2CC072B6CCD76001A38D9 /* AnniversariesInterface.swift */,
				ADAFFDD82B70C9A700746D3E /* AnniversaryDetailInterface.swift */,
			);
			path = Interface;
			sourceTree = "<group>";
		};
		09642C4F2B67C74F0015220E /* UseCase */ = {
			isa = PBXGroup;
			children = (
				09642C522B67C76F0015220E /* CreationUseCase.swift */,
				ADAFFDD42B70C8CC00746D3E /* FetchAnniversaryDetailUseCase.swift */,
				ADAFFDDC2B70D4A400746D3E /* DeleteAnniversaryUseCase.swift */,
				ADA2CC032B6CCB8B001A38D9 /* ReadAnniversariesUseCase.swift */,
			);
			path = UseCase;
			sourceTree = "<group>";
		};
		09642C562B67C8650015220E /* Protocol */ = {
			isa = PBXGroup;
			children = (
				09642C572B67C8730015220E /* ViewModelType.swift */,
			);
			path = Protocol;
			sourceTree = "<group>";
		};
		09642C592B67CA160015220E /* Repository */ = {
			isa = PBXGroup;
			children = (
				09642C5A2B67CA230015220E /* CreationRepository.swift */,
				ADA2CC0D2B6CE4CC001A38D9 /* AnniversariesRepository.swift */,
				ADAFFDD62B70C98C00746D3E /* AnniversaryDetailRepository.swift */,
			);
			path = Repository;
			sourceTree = "<group>";
		};
		09642C5C2B67CA650015220E /* Model */ = {
			isa = PBXGroup;
			children = (
				09642C5D2B67CA6F0015220E /* CreationModel.swift */,
				AD1C725D2B6BE1250028FF5A /* HomeModel.swift */,
				ADA2CC092B6CCECC001A38D9 /* Anniversary.swift */,
				ADA2CC0B2B6CD037001A38D9 /* Query.swift */,
			);
			path = Model;
			sourceTree = "<group>";
		};
		09642C5F2B67D2D00015220E /* Error */ = {
			isa = PBXGroup;
			children = (
				09642C602B67D2DC0015220E /* ErrorResponse.swift */,
			);
			path = Error;
			sourceTree = "<group>";
		};
		0965460C2B5B9CB800CDF4CC /* Creation */ = {
			isa = PBXGroup;
			children = (
				09FD8FA52B5FE66B00EB83D8 /* Section */,
				0965460D2B5B9CE900CDF4CC /* CreationUIView.swift */,
				09642C542B67C8440015220E /* CreationViewModel.swift */,
			);
			path = Creation;
			sourceTree = "<group>";
		};
		09FD8FA52B5FE66B00EB83D8 /* Section */ = {
			isa = PBXGroup;
			children = (
				09FD8FA82B5FE6B500EB83D8 /* CustomDatePicker.swift */,
			);
			path = Section;
			sourceTree = "<group>";
		};
		AD147EF22B57F85600561846 = {
			isa = PBXGroup;
			children = (
				ADC7C2042B6A99F700EBE58C /* GoogleService-Info.plist */,
				AD147F0C2B57F89300561846 /* .swiftlint.yml */,
				AD147EFD2B57F85600561846 /* DontForget */,
				AD147F2C2B57FFB500561846 /* DontForgetWidget */,
				AD147F272B57FFB500561846 /* Frameworks */,
				AD147EFC2B57F85600561846 /* Products */,
			);
			sourceTree = "<group>";
		};
		AD147EFC2B57F85600561846 /* Products */ = {
			isa = PBXGroup;
			children = (
				AD147EFB2B57F85600561846 /* DontForget.app */,
				AD147F262B57FFB500561846 /* DontForgetWidgetExtension.appex */,
			);
			name = Products;
			sourceTree = "<group>";
		};
		AD147EFD2B57F85600561846 /* DontForget */ = {
			isa = PBXGroup;
			children = (
				ADC7C2032B6A7DFA00EBE58C /* Info.plist */,
				ADC7C2022B6A7DF400EBE58C /* DontForget.entitlements */,
				AD147F0F2B57FAB500561846 /* Sources */,
				AD147F102B57FAF900561846 /* Resources */,
				AD147F042B57F85700561846 /* Preview Content */,
			);
			path = DontForget;
			sourceTree = "<group>";
		};
		AD147F042B57F85700561846 /* Preview Content */ = {
			isa = PBXGroup;
			children = (
				AD147F052B57F85700561846 /* Preview Assets.xcassets */,
			);
			path = "Preview Content";
			sourceTree = "<group>";
		};
		AD147F0F2B57FAB500561846 /* Sources */ = {
			isa = PBXGroup;
			children = (
				09642C562B67C8650015220E /* Protocol */,
				09642C342B649A750015220E /* Data */,
				09642C4D2B67C7350015220E /* Domain */,
				AD147F122B57FB2500561846 /* Presentations */,
				AD147F112B57FB1C00561846 /* Extensions */,
			);
			path = Sources;
			sourceTree = "<group>";
		};
		AD147F102B57FAF900561846 /* Resources */ = {
			isa = PBXGroup;
			children = (
				AD147F022B57F85700561846 /* Assets.xcassets */,
				AD147F1C2B57FDA500561846 /* Localizable.strings */,
			);
			path = Resources;
			sourceTree = "<group>";
		};
		AD147F112B57FB1C00561846 /* Extensions */ = {
			isa = PBXGroup;
			children = (
				AD147F202B57FF7500561846 /* String+Extension.swift */,
				09FD8FAA2B5FF1CF00EB83D8 /* Text+Extension.swift */,
				AD76D0632B594D2F00EFB12E /* Color+Extension.swift */,
				AD76D0612B594A5000EFB12E /* UIScreen+Extension.swift */,
			);
			path = Extensions;
			sourceTree = "<group>";
		};
		AD147F122B57FB2500561846 /* Presentations */ = {
			isa = PBXGroup;
			children = (
				AD147F132B57FBAD00561846 /* Application */,
			);
			path = Presentations;
			sourceTree = "<group>";
		};
		AD147F132B57FBAD00561846 /* Application */ = {
			isa = PBXGroup;
			children = (
				AD147F142B57FC7B00561846 /* Main */,
				AD3B45902B6A7056009529DE /* Detail */,
				ADA138412B580925006F0219 /* Home */,
				0965460C2B5B9CB800CDF4CC /* Creation */,
				AD147F152B57FC8800561846 /* Common */,
			);
			path = Application;
			sourceTree = "<group>";
		};
		AD147F142B57FC7B00561846 /* Main */ = {
			isa = PBXGroup;
			children = (
				AD147EFE2B57F85600561846 /* DontForgetApp.swift */,
				AD147F002B57F85600561846 /* ContentView.swift */,
				ADAA24692B63822E00363D04 /* SplashView.swift */,
			);
			path = Main;
			sourceTree = "<group>";
		};
		AD147F152B57FC8800561846 /* Common */ = {
			isa = PBXGroup;
			children = (
				ADAA246D2B638BFF00363D04 /* Constants.swift */,
				AD3B458C2B68DE8F009529DE /* ConfirmView.swift */,
			);
			path = Common;
			sourceTree = "<group>";
		};
		AD147F272B57FFB500561846 /* Frameworks */ = {
			isa = PBXGroup;
			children = (
				AD147F282B57FFB500561846 /* WidgetKit.framework */,
				AD147F2A2B57FFB500561846 /* SwiftUI.framework */,
			);
			name = Frameworks;
			sourceTree = "<group>";
		};
		AD147F2C2B57FFB500561846 /* DontForgetWidget */ = {
			isa = PBXGroup;
			children = (
				AD147F2D2B57FFB500561846 /* DontForgetWidgetBundle.swift */,
				AD147F2F2B57FFB500561846 /* DontForgetWidget.swift */,
				AD147F312B57FFB500561846 /* AppIntent.swift */,
				AD147F332B57FFB600561846 /* Assets.xcassets */,
				AD147F352B57FFB600561846 /* Info.plist */,
			);
			path = DontForgetWidget;
			sourceTree = "<group>";
		};
		AD3B45902B6A7056009529DE /* Detail */ = {
			isa = PBXGroup;
			children = (
				ADAFFDDB2B70CD6100746D3E /* View */,
				ADAFFDDA2B70CD5A00746D3E /* ViewModel */,
			);
			path = Detail;
			sourceTree = "<group>";
		};
		ADA138412B580925006F0219 /* Home */ = {
			isa = PBXGroup;
			children = (
				ADA2CC002B6CCA2F001A38D9 /* View */,
				ADA2CBFF2B6CCA29001A38D9 /* ViewModel */,
			);
			path = Home;
			sourceTree = "<group>";
		};
		ADA2CBFF2B6CCA29001A38D9 /* ViewModel */ = {
			isa = PBXGroup;
			children = (
				ADA2CBFB2B6CC078001A38D9 /* HomeViewModel.swift */,
			);
			path = ViewModel;
			sourceTree = "<group>";
		};
		ADA2CC002B6CCA2F001A38D9 /* View */ = {
			isa = PBXGroup;
			children = (
				ADA138422B58093E006F0219 /* HomeView.swift */,
				AD9320E22B600589009A9437 /* GridView.swift */,
			);
			path = View;
			sourceTree = "<group>";
		};
		ADAFFDDA2B70CD5A00746D3E /* ViewModel */ = {
			isa = PBXGroup;
			children = (
				ADAFFDD22B70C7FB00746D3E /* AnniversaryDetailViewModel.swift */,
			);
			path = ViewModel;
			sourceTree = "<group>";
		};
		ADAFFDDB2B70CD6100746D3E /* View */ = {
			isa = PBXGroup;
			children = (
				AD3B45842B68B634009529DE /* AnniversaryDetailView.swift */,
				AD3B45862B68C287009529DE /* AnniversaryContentView.swift */,
			);
			path = View;
			sourceTree = "<group>";
		};
/* End PBXGroup section */

/* Begin PBXNativeTarget section */
		AD147EFA2B57F85600561846 /* DontForget */ = {
			isa = PBXNativeTarget;
			buildConfigurationList = AD147F092B57F85700561846 /* Build configuration list for PBXNativeTarget "DontForget" */;
			buildPhases = (
				AD147F0E2B57F8ED00561846 /* SwiftLint Script */,
				AD147EF72B57F85600561846 /* Sources */,
				AD147EF82B57F85600561846 /* Frameworks */,
				AD147EF92B57F85600561846 /* Resources */,
				AD147F3C2B57FFB600561846 /* Embed Foundation Extensions */,
			);
			buildRules = (
			);
			dependencies = (
				AD147F372B57FFB600561846 /* PBXTargetDependency */,
			);
			name = DontForget;
			packageProductDependencies = (
				AD147F3E2B58006000561846 /* ComposableArchitecture */,
				09642C3F2B649B820015220E /* CombineMoya */,
				09642C412B649B820015220E /* Moya */,
				09642C432B649B820015220E /* ReactiveMoya */,
				09642C632B67FD9E0015220E /* KoreanLunarSolarConverter */,
				ADC7C1FE2B6A7B3300EBE58C /* FirebaseAnalytics */,
				ADC7C2002B6A7B3300EBE58C /* FirebaseMessaging */,
			);
			productName = DontForget;
			productReference = AD147EFB2B57F85600561846 /* DontForget.app */;
			productType = "com.apple.product-type.application";
		};
		AD147F252B57FFB500561846 /* DontForgetWidgetExtension */ = {
			isa = PBXNativeTarget;
			buildConfigurationList = AD147F392B57FFB600561846 /* Build configuration list for PBXNativeTarget "DontForgetWidgetExtension" */;
			buildPhases = (
				AD147F222B57FFB500561846 /* Sources */,
				AD147F232B57FFB500561846 /* Frameworks */,
				AD147F242B57FFB500561846 /* Resources */,
			);
			buildRules = (
			);
			dependencies = (
			);
			name = DontForgetWidgetExtension;
			productName = DontForgetWidgetExtension;
			productReference = AD147F262B57FFB500561846 /* DontForgetWidgetExtension.appex */;
			productType = "com.apple.product-type.app-extension";
		};
/* End PBXNativeTarget section */

/* Begin PBXProject section */
		AD147EF32B57F85600561846 /* Project object */ = {
			isa = PBXProject;
			attributes = {
				BuildIndependentTargetsInParallel = 1;
				LastSwiftUpdateCheck = 1500;
				LastUpgradeCheck = 1500;
				TargetAttributes = {
					AD147EFA2B57F85600561846 = {
						CreatedOnToolsVersion = 15.0;
					};
					AD147F252B57FFB500561846 = {
						CreatedOnToolsVersion = 15.0;
					};
				};
			};
			buildConfigurationList = AD147EF62B57F85600561846 /* Build configuration list for PBXProject "DontForget" */;
			compatibilityVersion = "Xcode 14.0";
			developmentRegion = en;
			hasScannedForEncodings = 0;
			knownRegions = (
				en,
				Base,
				ko,
			);
			mainGroup = AD147EF22B57F85600561846;
			packageReferences = (
				AD147F3D2B58006000561846 /* XCRemoteSwiftPackageReference "swift-composable-architecture" */,
				09642C3E2B649B820015220E /* XCRemoteSwiftPackageReference "Moya" */,
				09642C622B67FD9E0015220E /* XCRemoteSwiftPackageReference "KoreanLunarSolarConverter" */,
				ADC7C1FD2B6A7B3300EBE58C /* XCRemoteSwiftPackageReference "firebase-ios-sdk" */,
			);
			productRefGroup = AD147EFC2B57F85600561846 /* Products */;
			projectDirPath = "";
			projectRoot = "";
			targets = (
				AD147EFA2B57F85600561846 /* DontForget */,
				AD147F252B57FFB500561846 /* DontForgetWidgetExtension */,
			);
		};
/* End PBXProject section */

/* Begin PBXResourcesBuildPhase section */
		AD147EF92B57F85600561846 /* Resources */ = {
			isa = PBXResourcesBuildPhase;
			buildActionMask = 2147483647;
			files = (
				AD147F0D2B57F89300561846 /* .swiftlint.yml in Resources */,
				AD147F1A2B57FDA500561846 /* Localizable.strings in Resources */,
				ADC7C2052B6A99F800EBE58C /* GoogleService-Info.plist in Resources */,
				AD147F062B57F85700561846 /* Preview Assets.xcassets in Resources */,
				AD147F032B57F85700561846 /* Assets.xcassets in Resources */,
			);
			runOnlyForDeploymentPostprocessing = 0;
		};
		AD147F242B57FFB500561846 /* Resources */ = {
			isa = PBXResourcesBuildPhase;
			buildActionMask = 2147483647;
			files = (
				AD147F342B57FFB600561846 /* Assets.xcassets in Resources */,
			);
			runOnlyForDeploymentPostprocessing = 0;
		};
/* End PBXResourcesBuildPhase section */

/* Begin PBXShellScriptBuildPhase section */
		AD147F0E2B57F8ED00561846 /* SwiftLint Script */ = {
			isa = PBXShellScriptBuildPhase;
			alwaysOutOfDate = 1;
			buildActionMask = 2147483647;
			files = (
			);
			inputFileListPaths = (
			);
			inputPaths = (
			);
			name = "SwiftLint Script";
			outputFileListPaths = (
			);
			outputPaths = (
			);
			runOnlyForDeploymentPostprocessing = 0;
			shellPath = /bin/sh;
			shellScript = "if test -d \"/opt/homebrew/bin/\"; then\n  PATH=\"/opt/homebrew/bin/:${PATH}\"\nfi\n\nexport PATH\n\nif which swiftlint >/dev/null; then\n  swiftlint\nelse\n  echo \"warning: SwiftLint not installed, download from https://github.com/realm/SwiftLint\"\nfi\n";
		};
/* End PBXShellScriptBuildPhase section */

/* Begin PBXSourcesBuildPhase section */
		AD147EF72B57F85600561846 /* Sources */ = {
			isa = PBXSourcesBuildPhase;
			buildActionMask = 2147483647;
			files = (
				09642C5B2B67CA230015220E /* CreationRepository.swift in Sources */,
				AD3B45872B68C288009529DE /* AnniversaryContentView.swift in Sources */,
				ADAFFDD72B70C98C00746D3E /* AnniversaryDetailRepository.swift in Sources */,
				09FD8FA92B5FE6B500EB83D8 /* CustomDatePicker.swift in Sources */,
				AD147F012B57F85600561846 /* ContentView.swift in Sources */,
				09642C3B2B649B260015220E /* EndPoint.swift in Sources */,
				0965460E2B5B9CE900CDF4CC /* CreationUIView.swift in Sources */,
				ADAA246A2B63822E00363D04 /* SplashView.swift in Sources */,
				ADA2CC0C2B6CD037001A38D9 /* Query.swift in Sources */,
				09642C5E2B67CA6F0015220E /* CreationModel.swift in Sources */,
				AD76D0642B594D2F00EFB12E /* Color+Extension.swift in Sources */,
				ADAFFDD32B70C7FB00746D3E /* AnniversaryDetailViewModel.swift in Sources */,
				AD3B45852B68B634009529DE /* AnniversaryDetailView.swift in Sources */,
				ADAFFDDD2B70D4A400746D3E /* DeleteAnniversaryUseCase.swift in Sources */,
				AD76D0622B594A5000EFB12E /* UIScreen+Extension.swift in Sources */,
				09642C552B67C8440015220E /* CreationViewModel.swift in Sources */,
				09642C512B67C7640015220E /* CreationInterface.swift in Sources */,
				ADAA246E2B638BFF00363D04 /* Constants.swift in Sources */,
				AD9320E32B600589009A9437 /* GridView.swift in Sources */,
				ADAFFDD92B70C9A700746D3E /* AnniversaryDetailInterface.swift in Sources */,
				ADA2CC042B6CCB8B001A38D9 /* ReadAnniversariesUseCase.swift in Sources */,
				ADA2CBFC2B6CC078001A38D9 /* HomeViewModel.swift in Sources */,
				ADA138432B58093E006F0219 /* HomeView.swift in Sources */,
				ADA2CC0A2B6CCECC001A38D9 /* Anniversary.swift in Sources */,
				AD147F212B57FF7500561846 /* String+Extension.swift in Sources */,
				ADA2CC0E2B6CE4CC001A38D9 /* AnniversariesRepository.swift in Sources */,
				09642C612B67D2DC0015220E /* ErrorResponse.swift in Sources */,
				09642C4A2B64A37A0015220E /* AnniversaryService.swift in Sources */,
				09642C532B67C76F0015220E /* CreationUseCase.swift in Sources */,
				ADAFFDD52B70C8CC00746D3E /* FetchAnniversaryDetailUseCase.swift in Sources */,
				09FD8FAB2B5FF1CF00EB83D8 /* Text+Extension.swift in Sources */,
				ADA2CC082B6CCD76001A38D9 /* AnniversariesInterface.swift in Sources */,
				09642C3D2B649B2D0015220E /* APIConstant.swift in Sources */,
				AD147EFF2B57F85600561846 /* DontForgetApp.swift in Sources */,
				09642C482B64A1680015220E /* BaseResponse.swift in Sources */,
				AD1C725E2B6BE1250028FF5A /* HomeModel.swift in Sources */,
				AD3B458D2B68DE8F009529DE /* ConfirmView.swift in Sources */,
				09642C462B649FD00015220E /* DTO.swift in Sources */,
				09642C582B67C8730015220E /* ViewModelType.swift in Sources */,
			);
			runOnlyForDeploymentPostprocessing = 0;
		};
		AD147F222B57FFB500561846 /* Sources */ = {
			isa = PBXSourcesBuildPhase;
			buildActionMask = 2147483647;
			files = (
				AD147F2E2B57FFB500561846 /* DontForgetWidgetBundle.swift in Sources */,
				AD147F302B57FFB500561846 /* DontForgetWidget.swift in Sources */,
				AD147F322B57FFB500561846 /* AppIntent.swift in Sources */,
			);
			runOnlyForDeploymentPostprocessing = 0;
		};
/* End PBXSourcesBuildPhase section */

/* Begin PBXTargetDependency section */
		AD147F372B57FFB600561846 /* PBXTargetDependency */ = {
			isa = PBXTargetDependency;
			target = AD147F252B57FFB500561846 /* DontForgetWidgetExtension */;
			targetProxy = AD147F362B57FFB600561846 /* PBXContainerItemProxy */;
		};
/* End PBXTargetDependency section */

/* Begin PBXVariantGroup section */
		AD147F1C2B57FDA500561846 /* Localizable.strings */ = {
			isa = PBXVariantGroup;
			children = (
				AD147F1B2B57FDA500561846 /* ko */,
				AD147F1F2B57FDD300561846 /* en */,
			);
			name = Localizable.strings;
			sourceTree = "<group>";
		};
/* End PBXVariantGroup section */

/* Begin XCBuildConfiguration section */
		AD147F072B57F85700561846 /* Debug */ = {
			isa = XCBuildConfiguration;
			buildSettings = {
				ALWAYS_SEARCH_USER_PATHS = NO;
				ASSETCATALOG_COMPILER_GENERATE_SWIFT_ASSET_SYMBOL_EXTENSIONS = YES;
				CLANG_ANALYZER_NONNULL = YES;
				CLANG_ANALYZER_NUMBER_OBJECT_CONVERSION = YES_AGGRESSIVE;
				CLANG_CXX_LANGUAGE_STANDARD = "gnu++20";
				CLANG_ENABLE_MODULES = YES;
				CLANG_ENABLE_OBJC_ARC = YES;
				CLANG_ENABLE_OBJC_WEAK = YES;
				CLANG_WARN_BLOCK_CAPTURE_AUTORELEASING = YES;
				CLANG_WARN_BOOL_CONVERSION = YES;
				CLANG_WARN_COMMA = YES;
				CLANG_WARN_CONSTANT_CONVERSION = YES;
				CLANG_WARN_DEPRECATED_OBJC_IMPLEMENTATIONS = YES;
				CLANG_WARN_DIRECT_OBJC_ISA_USAGE = YES_ERROR;
				CLANG_WARN_DOCUMENTATION_COMMENTS = YES;
				CLANG_WARN_EMPTY_BODY = YES;
				CLANG_WARN_ENUM_CONVERSION = YES;
				CLANG_WARN_INFINITE_RECURSION = YES;
				CLANG_WARN_INT_CONVERSION = YES;
				CLANG_WARN_NON_LITERAL_NULL_CONVERSION = YES;
				CLANG_WARN_OBJC_IMPLICIT_RETAIN_SELF = YES;
				CLANG_WARN_OBJC_LITERAL_CONVERSION = YES;
				CLANG_WARN_OBJC_ROOT_CLASS = YES_ERROR;
				CLANG_WARN_QUOTED_INCLUDE_IN_FRAMEWORK_HEADER = YES;
				CLANG_WARN_RANGE_LOOP_ANALYSIS = YES;
				CLANG_WARN_STRICT_PROTOTYPES = YES;
				CLANG_WARN_SUSPICIOUS_MOVE = YES;
				CLANG_WARN_UNGUARDED_AVAILABILITY = YES_AGGRESSIVE;
				CLANG_WARN_UNREACHABLE_CODE = YES;
				CLANG_WARN__DUPLICATE_METHOD_MATCH = YES;
				COPY_PHASE_STRIP = NO;
				DEBUG_INFORMATION_FORMAT = dwarf;
				ENABLE_STRICT_OBJC_MSGSEND = YES;
				ENABLE_TESTABILITY = YES;
				ENABLE_USER_SCRIPT_SANDBOXING = YES;
				GCC_C_LANGUAGE_STANDARD = gnu17;
				GCC_DYNAMIC_NO_PIC = NO;
				GCC_NO_COMMON_BLOCKS = YES;
				GCC_OPTIMIZATION_LEVEL = 0;
				GCC_PREPROCESSOR_DEFINITIONS = (
					"DEBUG=1",
					"$(inherited)",
				);
				GCC_WARN_64_TO_32_BIT_CONVERSION = YES;
				GCC_WARN_ABOUT_RETURN_TYPE = YES_ERROR;
				GCC_WARN_UNDECLARED_SELECTOR = YES;
				GCC_WARN_UNINITIALIZED_AUTOS = YES_AGGRESSIVE;
				GCC_WARN_UNUSED_FUNCTION = YES;
				GCC_WARN_UNUSED_VARIABLE = YES;
				IPHONEOS_DEPLOYMENT_TARGET = 17.0;
				LOCALIZATION_PREFERS_STRING_CATALOGS = YES;
				MTL_ENABLE_DEBUG_INFO = INCLUDE_SOURCE;
				MTL_FAST_MATH = YES;
				ONLY_ACTIVE_ARCH = YES;
				SDKROOT = iphoneos;
				SWIFT_ACTIVE_COMPILATION_CONDITIONS = "DEBUG $(inherited)";
				SWIFT_OPTIMIZATION_LEVEL = "-Onone";
			};
			name = Debug;
		};
		AD147F082B57F85700561846 /* Release */ = {
			isa = XCBuildConfiguration;
			buildSettings = {
				ALWAYS_SEARCH_USER_PATHS = NO;
				ASSETCATALOG_COMPILER_GENERATE_SWIFT_ASSET_SYMBOL_EXTENSIONS = YES;
				CLANG_ANALYZER_NONNULL = YES;
				CLANG_ANALYZER_NUMBER_OBJECT_CONVERSION = YES_AGGRESSIVE;
				CLANG_CXX_LANGUAGE_STANDARD = "gnu++20";
				CLANG_ENABLE_MODULES = YES;
				CLANG_ENABLE_OBJC_ARC = YES;
				CLANG_ENABLE_OBJC_WEAK = YES;
				CLANG_WARN_BLOCK_CAPTURE_AUTORELEASING = YES;
				CLANG_WARN_BOOL_CONVERSION = YES;
				CLANG_WARN_COMMA = YES;
				CLANG_WARN_CONSTANT_CONVERSION = YES;
				CLANG_WARN_DEPRECATED_OBJC_IMPLEMENTATIONS = YES;
				CLANG_WARN_DIRECT_OBJC_ISA_USAGE = YES_ERROR;
				CLANG_WARN_DOCUMENTATION_COMMENTS = YES;
				CLANG_WARN_EMPTY_BODY = YES;
				CLANG_WARN_ENUM_CONVERSION = YES;
				CLANG_WARN_INFINITE_RECURSION = YES;
				CLANG_WARN_INT_CONVERSION = YES;
				CLANG_WARN_NON_LITERAL_NULL_CONVERSION = YES;
				CLANG_WARN_OBJC_IMPLICIT_RETAIN_SELF = YES;
				CLANG_WARN_OBJC_LITERAL_CONVERSION = YES;
				CLANG_WARN_OBJC_ROOT_CLASS = YES_ERROR;
				CLANG_WARN_QUOTED_INCLUDE_IN_FRAMEWORK_HEADER = YES;
				CLANG_WARN_RANGE_LOOP_ANALYSIS = YES;
				CLANG_WARN_STRICT_PROTOTYPES = YES;
				CLANG_WARN_SUSPICIOUS_MOVE = YES;
				CLANG_WARN_UNGUARDED_AVAILABILITY = YES_AGGRESSIVE;
				CLANG_WARN_UNREACHABLE_CODE = YES;
				CLANG_WARN__DUPLICATE_METHOD_MATCH = YES;
				COPY_PHASE_STRIP = NO;
				DEBUG_INFORMATION_FORMAT = "dwarf-with-dsym";
				ENABLE_NS_ASSERTIONS = NO;
				ENABLE_STRICT_OBJC_MSGSEND = YES;
				ENABLE_USER_SCRIPT_SANDBOXING = YES;
				GCC_C_LANGUAGE_STANDARD = gnu17;
				GCC_NO_COMMON_BLOCKS = YES;
				GCC_WARN_64_TO_32_BIT_CONVERSION = YES;
				GCC_WARN_ABOUT_RETURN_TYPE = YES_ERROR;
				GCC_WARN_UNDECLARED_SELECTOR = YES;
				GCC_WARN_UNINITIALIZED_AUTOS = YES_AGGRESSIVE;
				GCC_WARN_UNUSED_FUNCTION = YES;
				GCC_WARN_UNUSED_VARIABLE = YES;
				IPHONEOS_DEPLOYMENT_TARGET = 17.0;
				LOCALIZATION_PREFERS_STRING_CATALOGS = YES;
				MTL_ENABLE_DEBUG_INFO = NO;
				MTL_FAST_MATH = YES;
				SDKROOT = iphoneos;
				SWIFT_COMPILATION_MODE = wholemodule;
				VALIDATE_PRODUCT = YES;
			};
			name = Release;
		};
		AD147F0A2B57F85700561846 /* Debug */ = {
			isa = XCBuildConfiguration;
			buildSettings = {
				ALWAYS_EMBED_SWIFT_STANDARD_LIBRARIES = YES;
				ASSETCATALOG_COMPILER_APPICON_NAME = AppIcon;
				ASSETCATALOG_COMPILER_GLOBAL_ACCENT_COLOR_NAME = AccentColor;
				CODE_SIGN_ENTITLEMENTS = DontForget/DontForget.entitlements;
				CODE_SIGN_STYLE = Automatic;
				CURRENT_PROJECT_VERSION = 1;
				DEVELOPMENT_ASSET_PATHS = "\"DontForget/Preview Content\"";
				DEVELOPMENT_TEAM = 7D5PZJWQ9T;
				ENABLE_PREVIEWS = YES;
				ENABLE_USER_SCRIPT_SANDBOXING = NO;
				GENERATE_INFOPLIST_FILE = YES;
				INFOPLIST_FILE = DontForget/Info.plist;
				INFOPLIST_KEY_UIApplicationSceneManifest_Generation = YES;
				INFOPLIST_KEY_UIApplicationSupportsIndirectInputEvents = YES;
				INFOPLIST_KEY_UILaunchScreen_Generation = YES;
				INFOPLIST_KEY_UISupportedInterfaceOrientations_iPad = "UIInterfaceOrientationPortrait UIInterfaceOrientationPortraitUpsideDown UIInterfaceOrientationLandscapeLeft UIInterfaceOrientationLandscapeRight";
				INFOPLIST_KEY_UISupportedInterfaceOrientations_iPhone = "UIInterfaceOrientationPortrait UIInterfaceOrientationLandscapeLeft UIInterfaceOrientationLandscapeRight";
				LD_RUNPATH_SEARCH_PATHS = (
					"$(inherited)",
					"@executable_path/Frameworks",
				);
				MARKETING_VERSION = 1.0;
				PRODUCT_BUNDLE_IDENTIFIER = com.teamnexters.DontForget;
				PRODUCT_NAME = "$(TARGET_NAME)";
				SWIFT_EMIT_LOC_STRINGS = YES;
				SWIFT_VERSION = 5.0;
				TARGETED_DEVICE_FAMILY = "1,2";
			};
			name = Debug;
		};
		AD147F0B2B57F85700561846 /* Release */ = {
			isa = XCBuildConfiguration;
			buildSettings = {
				ALWAYS_EMBED_SWIFT_STANDARD_LIBRARIES = YES;
				ASSETCATALOG_COMPILER_APPICON_NAME = AppIcon;
				ASSETCATALOG_COMPILER_GLOBAL_ACCENT_COLOR_NAME = AccentColor;
				CODE_SIGN_ENTITLEMENTS = DontForget/DontForget.entitlements;
				CODE_SIGN_STYLE = Automatic;
				CURRENT_PROJECT_VERSION = 1;
				DEVELOPMENT_ASSET_PATHS = "\"DontForget/Preview Content\"";
				DEVELOPMENT_TEAM = 7D5PZJWQ9T;
				ENABLE_PREVIEWS = YES;
				ENABLE_USER_SCRIPT_SANDBOXING = NO;
				GENERATE_INFOPLIST_FILE = YES;
				INFOPLIST_FILE = DontForget/Info.plist;
				INFOPLIST_KEY_UIApplicationSceneManifest_Generation = YES;
				INFOPLIST_KEY_UIApplicationSupportsIndirectInputEvents = YES;
				INFOPLIST_KEY_UILaunchScreen_Generation = YES;
				INFOPLIST_KEY_UISupportedInterfaceOrientations_iPad = "UIInterfaceOrientationPortrait UIInterfaceOrientationPortraitUpsideDown UIInterfaceOrientationLandscapeLeft UIInterfaceOrientationLandscapeRight";
				INFOPLIST_KEY_UISupportedInterfaceOrientations_iPhone = "UIInterfaceOrientationPortrait UIInterfaceOrientationLandscapeLeft UIInterfaceOrientationLandscapeRight";
				LD_RUNPATH_SEARCH_PATHS = (
					"$(inherited)",
					"@executable_path/Frameworks",
				);
				MARKETING_VERSION = 1.0;
				PRODUCT_BUNDLE_IDENTIFIER = com.teamnexters.DontForget;
				PRODUCT_NAME = "$(TARGET_NAME)";
				SWIFT_EMIT_LOC_STRINGS = YES;
				SWIFT_VERSION = 5.0;
				TARGETED_DEVICE_FAMILY = "1,2";
			};
			name = Release;
		};
		AD147F3A2B57FFB600561846 /* Debug */ = {
			isa = XCBuildConfiguration;
			buildSettings = {
				ASSETCATALOG_COMPILER_GLOBAL_ACCENT_COLOR_NAME = AccentColor;
				ASSETCATALOG_COMPILER_WIDGET_BACKGROUND_COLOR_NAME = WidgetBackground;
				CODE_SIGN_STYLE = Automatic;
				CURRENT_PROJECT_VERSION = 1;
				DEVELOPMENT_TEAM = 7D5PZJWQ9T;
				GENERATE_INFOPLIST_FILE = YES;
				INFOPLIST_FILE = DontForgetWidget/Info.plist;
				INFOPLIST_KEY_CFBundleDisplayName = DontForgetWidget;
				INFOPLIST_KEY_NSHumanReadableCopyright = "";
				LD_RUNPATH_SEARCH_PATHS = (
					"$(inherited)",
					"@executable_path/Frameworks",
					"@executable_path/../../Frameworks",
				);
				MARKETING_VERSION = 1.0;
				PRODUCT_BUNDLE_IDENTIFIER = com.teamnexters.DontForget.DontForgetWidget;
				PRODUCT_NAME = "$(TARGET_NAME)";
				SKIP_INSTALL = YES;
				SWIFT_EMIT_LOC_STRINGS = YES;
				SWIFT_VERSION = 5.0;
				TARGETED_DEVICE_FAMILY = "1,2";
			};
			name = Debug;
		};
		AD147F3B2B57FFB600561846 /* Release */ = {
			isa = XCBuildConfiguration;
			buildSettings = {
				ASSETCATALOG_COMPILER_GLOBAL_ACCENT_COLOR_NAME = AccentColor;
				ASSETCATALOG_COMPILER_WIDGET_BACKGROUND_COLOR_NAME = WidgetBackground;
				CODE_SIGN_STYLE = Automatic;
				CURRENT_PROJECT_VERSION = 1;
				DEVELOPMENT_TEAM = 7D5PZJWQ9T;
				GENERATE_INFOPLIST_FILE = YES;
				INFOPLIST_FILE = DontForgetWidget/Info.plist;
				INFOPLIST_KEY_CFBundleDisplayName = DontForgetWidget;
				INFOPLIST_KEY_NSHumanReadableCopyright = "";
				LD_RUNPATH_SEARCH_PATHS = (
					"$(inherited)",
					"@executable_path/Frameworks",
					"@executable_path/../../Frameworks",
				);
				MARKETING_VERSION = 1.0;
				PRODUCT_BUNDLE_IDENTIFIER = com.teamnexters.DontForget.DontForgetWidget;
				PRODUCT_NAME = "$(TARGET_NAME)";
				SKIP_INSTALL = YES;
				SWIFT_EMIT_LOC_STRINGS = YES;
				SWIFT_VERSION = 5.0;
				TARGETED_DEVICE_FAMILY = "1,2";
			};
			name = Release;
		};
/* End XCBuildConfiguration section */

/* Begin XCConfigurationList section */
		AD147EF62B57F85600561846 /* Build configuration list for PBXProject "DontForget" */ = {
			isa = XCConfigurationList;
			buildConfigurations = (
				AD147F072B57F85700561846 /* Debug */,
				AD147F082B57F85700561846 /* Release */,
			);
			defaultConfigurationIsVisible = 0;
			defaultConfigurationName = Release;
		};
		AD147F092B57F85700561846 /* Build configuration list for PBXNativeTarget "DontForget" */ = {
			isa = XCConfigurationList;
			buildConfigurations = (
				AD147F0A2B57F85700561846 /* Debug */,
				AD147F0B2B57F85700561846 /* Release */,
			);
			defaultConfigurationIsVisible = 0;
			defaultConfigurationName = Release;
		};
		AD147F392B57FFB600561846 /* Build configuration list for PBXNativeTarget "DontForgetWidgetExtension" */ = {
			isa = XCConfigurationList;
			buildConfigurations = (
				AD147F3A2B57FFB600561846 /* Debug */,
				AD147F3B2B57FFB600561846 /* Release */,
			);
			defaultConfigurationIsVisible = 0;
			defaultConfigurationName = Release;
		};
/* End XCConfigurationList section */

/* Begin XCRemoteSwiftPackageReference section */
		09642C3E2B649B820015220E /* XCRemoteSwiftPackageReference "Moya" */ = {
			isa = XCRemoteSwiftPackageReference;
			repositoryURL = "https://github.com/Moya/Moya";
			requirement = {
				kind = upToNextMajorVersion;
				minimumVersion = 15.0.3;
			};
		};
		09642C622B67FD9E0015220E /* XCRemoteSwiftPackageReference "KoreanLunarSolarConverter" */ = {
			isa = XCRemoteSwiftPackageReference;
			repositoryURL = "https://github.com/swift-man/KoreanLunarSolarConverter";
			requirement = {
				kind = upToNextMajorVersion;
				minimumVersion = 0.7.2;
			};
		};
		AD147F3D2B58006000561846 /* XCRemoteSwiftPackageReference "swift-composable-architecture" */ = {
			isa = XCRemoteSwiftPackageReference;
			repositoryURL = "http://github.com/pointfreeco/swift-composable-architecture.git";
			requirement = {
				kind = upToNextMajorVersion;
				minimumVersion = 1.6.0;
			};
		};
		ADC7C1FD2B6A7B3300EBE58C /* XCRemoteSwiftPackageReference "firebase-ios-sdk" */ = {
			isa = XCRemoteSwiftPackageReference;
			repositoryURL = "https://github.com/firebase/firebase-ios-sdk.git";
			requirement = {
				kind = upToNextMajorVersion;
				minimumVersion = 10.20.0;
			};
		};
/* End XCRemoteSwiftPackageReference section */

/* Begin XCSwiftPackageProductDependency section */
		09642C3F2B649B820015220E /* CombineMoya */ = {
			isa = XCSwiftPackageProductDependency;
			package = 09642C3E2B649B820015220E /* XCRemoteSwiftPackageReference "Moya" */;
			productName = CombineMoya;
		};
		09642C412B649B820015220E /* Moya */ = {
			isa = XCSwiftPackageProductDependency;
			package = 09642C3E2B649B820015220E /* XCRemoteSwiftPackageReference "Moya" */;
			productName = Moya;
		};
		09642C432B649B820015220E /* ReactiveMoya */ = {
			isa = XCSwiftPackageProductDependency;
			package = 09642C3E2B649B820015220E /* XCRemoteSwiftPackageReference "Moya" */;
			productName = ReactiveMoya;
		};
		09642C632B67FD9E0015220E /* KoreanLunarSolarConverter */ = {
			isa = XCSwiftPackageProductDependency;
			package = 09642C622B67FD9E0015220E /* XCRemoteSwiftPackageReference "KoreanLunarSolarConverter" */;
			productName = KoreanLunarSolarConverter;
		};
		AD147F3E2B58006000561846 /* ComposableArchitecture */ = {
			isa = XCSwiftPackageProductDependency;
			package = AD147F3D2B58006000561846 /* XCRemoteSwiftPackageReference "swift-composable-architecture" */;
			productName = ComposableArchitecture;
		};
		ADC7C1FE2B6A7B3300EBE58C /* FirebaseAnalytics */ = {
			isa = XCSwiftPackageProductDependency;
			package = ADC7C1FD2B6A7B3300EBE58C /* XCRemoteSwiftPackageReference "firebase-ios-sdk" */;
			productName = FirebaseAnalytics;
		};
		ADC7C2002B6A7B3300EBE58C /* FirebaseMessaging */ = {
			isa = XCSwiftPackageProductDependency;
			package = ADC7C1FD2B6A7B3300EBE58C /* XCRemoteSwiftPackageReference "firebase-ios-sdk" */;
			productName = FirebaseMessaging;
		};
/* End XCSwiftPackageProductDependency section */
	};
	rootObject = AD147EF32B57F85600561846 /* Project object */;
}
